Microsoft Visual Studio Solution File, Format Version 10.00
# Visual Studio 2008
Project("{F184B08F-C81C-45F6-A57F-5ABD9991F28F}") = "VBNETSample1", "VBNETSample1.vbproj", "{E0C378C5-7C7A-476F-845B-CBFE3C62EFE9}"
EndProject
Global
	GlobalSection(SolutionConfigurationPlatforms) = preSolution
		Debug|Any CPU = Debug|Any CPU
		Release|Any CPU = Release|Any CPU
	EndGlobalSection
	GlobalSection(ProjectConfigurationPlatforms) = postSolution
		{E0C378C5-7C7A-476F-845B-CBFE3C62EFE9}.Debug|Any CPU.ActiveCfg = Debug|Any CPU
		{E0C378C5-7C7A-476F-845B-CBFE3C62EFE9}.Debug|Any CPU.Build.0 = Debug|Any CPU
		{E0C378C5-7C7A-476F-845B-CBFE3C62EFE9}.Release|Any CPU.ActiveCfg = Release|Any CPU
		{E0C378C5-7C7A-476F-845B-CBFE3C62EFE9}.Release|Any CPU.Build.0 = Release|Any CPU
	EndGlobalSection
	GlobalSection(SolutionProperties) = preSolution
		HideSolutionNode = FALSE
	EndGlobalSection
EndGlobal
