Microsoft Visual Studio Solution File, Format Version 10.00
# Visual Studio 2008
Project("{FAE04EC0-301F-11D3-BF4B-00C04F79EFBC}") = "CSharp Sample1", "CSharp Sample1.csproj", "{8955DC9E-EC8D-4825-AC5E-35A90A42666D}"
EndProject
Global
	GlobalSection(SolutionConfigurationPlatforms) = preSolution
		Debug|Any CPU = Debug|Any CPU
		Release|Any CPU = Release|Any CPU
	EndGlobalSection
	GlobalSection(ProjectConfigurationPlatforms) = postSolution
		{8955DC9E-EC8D-4825-AC5E-35A90A42666D}.Debug|Any CPU.ActiveCfg = Debug|Any CPU
		{8955DC9E-EC8D-4825-AC5E-35A90A42666D}.Debug|Any CPU.Build.0 = Debug|Any CPU
		{8955DC9E-EC8D-4825-AC5E-35A90A42666D}.Release|Any CPU.ActiveCfg = Release|Any CPU
		{8955DC9E-EC8D-4825-AC5E-35A90A42666D}.Release|Any CPU.Build.0 = Release|Any CPU
	EndGlobalSection
	GlobalSection(SolutionProperties) = preSolution
		HideSolutionNode = FALSE
	EndGlobalSection
EndGlobal
