
Microsoft Visual Studio Solution File, Format Version 12.00
# Visual Studio Version 16
VisualStudioVersion = 16.0.30204.135
MinimumVisualStudioVersion = 10.0.40219.1
Project("{FAE04EC0-301F-11D3-BF4B-00C04F79EFBC}") = "MVC5", "MVC5.csproj", "{2447407D-B6AF-4B02-8B01-96267190BB8C}"
EndProject
Project("{FAE04EC0-301F-11D3-BF4B-00C04F79EFBC}") = "UnitTestWEBAPI", "..\UnitTestWEBAPI\UnitTestWEBAPI.csproj", "{3F25B690-4EB6-476B-8735-E8F8BADC594D}"
EndProject
Global
	GlobalSection(SolutionConfigurationPlatforms) = preSolution
		Debug|Any CPU = Debug|Any CPU
		Release|Any CPU = Release|Any CPU
	EndGlobalSection
	GlobalSection(ProjectConfigurationPlatforms) = postSolution
		{2447407D-B6AF-4B02-8B01-96267190BB8C}.Debug|Any CPU.ActiveCfg = Debug|Any CPU
		{2447407D-B6AF-4B02-8B01-96267190BB8C}.Debug|Any CPU.Build.0 = Debug|Any CPU
		{2447407D-B6AF-4B02-8B01-96267190BB8C}.Release|Any CPU.ActiveCfg = Release|Any CPU
		{2447407D-B6AF-4B02-8B01-96267190BB8C}.Release|Any CPU.Build.0 = Release|Any CPU
		{3F25B690-4EB6-476B-8735-E8F8BADC594D}.Debug|Any CPU.ActiveCfg = Debug|Any CPU
		{3F25B690-4EB6-476B-8735-E8F8BADC594D}.Debug|Any CPU.Build.0 = Debug|Any CPU
		{3F25B690-4EB6-476B-8735-E8F8BADC594D}.Release|Any CPU.ActiveCfg = Release|Any CPU
		{3F25B690-4EB6-476B-8735-E8F8BADC594D}.Release|Any CPU.Build.0 = Release|Any CPU
	EndGlobalSection
	GlobalSection(SolutionProperties) = preSolution
		HideSolutionNode = FALSE
	EndGlobalSection
	GlobalSection(ExtensibilityGlobals) = postSolution
		SolutionGuid = {E5BC64E1-252A-47F5-B49C-F563481566F9}
	EndGlobalSection
EndGlobal
